PODS:
  - Alamofire (4.9.1)
  - IQKeyboardManagerSwift (6.5.6)
  - Kingfisher (4.10.1)
  - MBProgressHUD (1.2.0)
  - MJRefresh (3.5.0)
  - ObjectMapper (4.2.0)
  - SnapKit (4.2.0)
  - SwiftyJSON (5.0.0)
  - "UIAlertController+Blocks (0.9.2)"
  - YYCategories (1.0.4):
    - YYCategories/no-arc (= 1.0.4)
  - YYCategories/no-arc (1.0.4)
  - YYText (1.0.7)

DEPENDENCIES:
  - Alamofire
  - IQKeyboardManagerSwift
  - Kingfisher
  - MBProgressHUD
  - MJRefresh
  - ObjectMapper
  - SnapKit
  - SwiftyJSON
  - "UIAlertController+Blocks"
  - YYCategories
  - YYText

SPEC REPOS:
  https://github.com/CocoaPods/Specs.git:
    - Alamofire
    - IQKeyboardManagerSwift
    - Kingfisher
    - MBProgressHUD
    - MJRefresh
    - ObjectMapper
    - SnapKit
    - SwiftyJSON
    - "UIAlertController+Blocks"
    - YYCategories
    - YYText

SPEC CHECKSUMS:
  Alamofire: 85e8a02c69d6020a0d734f6054870d7ecb75cf18
  IQKeyboardManagerSwift: c7df9d2deb356c04522f5c4b7b6e4ce4d8ed94fe
  Kingfisher: c148cd7b47ebde9989f6bc7c27dcaa79d81279a0
  MBProgressHUD: 3ee5efcc380f6a79a7cc9b363dd669c5e1ae7406
  MJRefresh: 6afc955813966afb08305477dd7a0d9ad5e79a16
  ObjectMapper: 1eb41f610210777375fa806bf161dc39fb832b81
  SnapKit: fe8a619752f3f27075cc9a90244d75c6c3f27e2a
  SwiftyJSON: 36413e04c44ee145039d332b4f4e2d3e8d6c4db7
  "UIAlertController+Blocks": 80e28b92523fb58aba4d1bccec013d5a0b0bddb2
  YYCategories: 6bcd4314c6661a561410dce4a793379ebd306abd
  YYText: 5c461d709e24d55a182d1441c41dc639a18a4849

PODFILE CHECKSUM: 41b3410a1bcdaad67106b7e6d9a29e97bb48868e

COCOAPODS: 1.9.1
