// !$*UTF8*$!
{
	archiveVersion = 1;
	classes = {
	};
	objectVersion = 50;
	objects = {

/* Begin PBXBuildFile section */
		35ED64B0CA6A39D767235C6F /* Pods_CRKit_Swift.framework in Frameworks */ = {isa = PBXBuildFile; fileRef = EF9D4BBC138B7ADA9145B2D6 /* Pods_CRKit_Swift.framework */; };
		DB57E773216B2D6F00F03C12 /* AppDelegate.swift in Sources */ = {isa = PBXBuildFile; fileRef = DB57E772216B2D6F00F03C12 /* AppDelegate.swift */; };
		DB57E775216B2D6F00F03C12 /* ViewController.swift in Sources */ = {isa = PBXBuildFile; fileRef = DB57E774216B2D6F00F03C12 /* ViewController.swift */; };
		DB57E778216B2D6F00F03C12 /* Main.storyboard in Resources */ = {isa = PBXBuildFile; fileRef = DB57E776216B2D6F00F03C12 /* Main.storyboard */; };
		DB57E77A216B2D7100F03C12 /* Assets.xcassets in Resources */ = {isa = PBXBuildFile; fileRef = DB57E779216B2D7100F03C12 /* Assets.xcassets */; };
		DB57E77D216B2D7100F03C12 /* LaunchScreen.storyboard in Resources */ = {isa = PBXBuildFile; fileRef = DB57E77B216B2D7100F03C12 /* LaunchScreen.storyboard */; };
		DB57E78B216B525C00F03C12 /* GlobalFunction.swift in Sources */ = {isa = PBXBuildFile; fileRef = DB57E78A216B525B00F03C12 /* GlobalFunction.swift */; };
		DB57E78E216B542100F03C12 /* CRNetwork.swift in Sources */ = {isa = PBXBuildFile; fileRef = DB57E78D216B542100F03C12 /* CRNetwork.swift */; };
		DB57E790216B545C00F03C12 /* CRTargetType.swift in Sources */ = {isa = PBXBuildFile; fileRef = DB57E78F216B545C00F03C12 /* CRTargetType.swift */; };
		DB57E792216B55EE00F03C12 /* CRResponse.swift in Sources */ = {isa = PBXBuildFile; fileRef = DB57E791216B55EE00F03C12 /* CRResponse.swift */; };
		DB57E794216B562900F03C12 /* CRError.swift in Sources */ = {isa = PBXBuildFile; fileRef = DB57E793216B562800F03C12 /* CRError.swift */; };
		DB57E796216B565500F03C12 /* CRResult.swift in Sources */ = {isa = PBXBuildFile; fileRef = DB57E795216B565500F03C12 /* CRResult.swift */; };
		DB57E798216B588F00F03C12 /* CRNetworkURL.swift in Sources */ = {isa = PBXBuildFile; fileRef = DB57E797216B588F00F03C12 /* CRNetworkURL.swift */; };
		DB57E79D216B5E5100F03C12 /* UploadTarget.swift in Sources */ = {isa = PBXBuildFile; fileRef = DB57E79C216B5E5100F03C12 /* UploadTarget.swift */; };
		DB57E79F216B5FA100F03C12 /* DemoTarget.swift in Sources */ = {isa = PBXBuildFile; fileRef = DB57E79E216B5FA100F03C12 /* DemoTarget.swift */; };
		DB57E7A6216B607E00F03C12 /* Reusable.swift in Sources */ = {isa = PBXBuildFile; fileRef = DB57E7A5216B607E00F03C12 /* Reusable.swift */; };
/* End PBXBuildFile section */

/* Begin PBXFileReference section */
		9CB180E97366F40253F6DACD /* Pods-CRKit-Swift.debug.xcconfig */ = {isa = PBXFileReference; includeInIndex = 1; lastKnownFileType = text.xcconfig; name = "Pods-CRKit-Swift.debug.xcconfig"; path = "Pods/Target Support Files/Pods-CRKit-Swift/Pods-CRKit-Swift.debug.xcconfig"; sourceTree = "<group>"; };
		D39BD7AE09B61F995C398E24 /* Pods-CRKit-Swift.release.xcconfig */ = {isa = PBXFileReference; includeInIndex = 1; lastKnownFileType = text.xcconfig; name = "Pods-CRKit-Swift.release.xcconfig"; path = "Pods/Target Support Files/Pods-CRKit-Swift/Pods-CRKit-Swift.release.xcconfig"; sourceTree = "<group>"; };
		DB57E76F216B2D6F00F03C12 /* CRKit-Swift.app */ = {isa = PBXFileReference; explicitFileType = wrapper.application; includeInIndex = 0; path = "CRKit-Swift.app"; sourceTree = BUILT_PRODUCTS_DIR; };
		DB57E772216B2D6F00F03C12 /* AppDelegate.swift */ = {isa = PBXFileReference; lastKnownFileType = sourcecode.swift; path = AppDelegate.swift; sourceTree = "<group>"; };
		DB57E774216B2D6F00F03C12 /* ViewController.swift */ = {isa = PBXFileReference; lastKnownFileType = sourcecode.swift; path = ViewController.swift; sourceTree = "<group>"; };
		DB57E777216B2D6F00F03C12 /* Base */ = {isa = PBXFileReference; lastKnownFileType = file.storyboard; name = Base; path = Base.lproj/Main.storyboard; sourceTree = "<group>"; };
		DB57E779216B2D7100F03C12 /* Assets.xcassets */ = {isa = PBXFileReference; lastKnownFileType = folder.assetcatalog; path = Assets.xcassets; sourceTree = "<group>"; };
		DB57E77C216B2D7100F03C12 /* Base */ = {isa = PBXFileReference; lastKnownFileType = file.storyboard; name = Base; path = Base.lproj/LaunchScreen.storyboard; sourceTree = "<group>"; };
		DB57E77E216B2D7100F03C12 /* Info.plist */ = {isa = PBXFileReference; lastKnownFileType = text.plist.xml; path = Info.plist; sourceTree = "<group>"; };
		DB57E78A216B525B00F03C12 /* GlobalFunction.swift */ = {isa = PBXFileReference; lastKnownFileType = sourcecode.swift; path = GlobalFunction.swift; sourceTree = "<group>"; };
		DB57E78D216B542100F03C12 /* CRNetwork.swift */ = {isa = PBXFileReference; lastKnownFileType = sourcecode.swift; path = CRNetwork.swift; sourceTree = "<group>"; };
		DB57E78F216B545C00F03C12 /* CRTargetType.swift */ = {isa = PBXFileReference; lastKnownFileType = sourcecode.swift; path = CRTargetType.swift; sourceTree = "<group>"; };
		DB57E791216B55EE00F03C12 /* CRResponse.swift */ = {isa = PBXFileReference; lastKnownFileType = sourcecode.swift; path = CRResponse.swift; sourceTree = "<group>"; };
		DB57E793216B562800F03C12 /* CRError.swift */ = {isa = PBXFileReference; lastKnownFileType = sourcecode.swift; path = CRError.swift; sourceTree = "<group>"; };
		DB57E795216B565500F03C12 /* CRResult.swift */ = {isa = PBXFileReference; lastKnownFileType = sourcecode.swift; path = CRResult.swift; sourceTree = "<group>"; };
		DB57E797216B588F00F03C12 /* CRNetworkURL.swift */ = {isa = PBXFileReference; lastKnownFileType = sourcecode.swift; path = CRNetworkURL.swift; sourceTree = "<group>"; };
		DB57E79C216B5E5100F03C12 /* UploadTarget.swift */ = {isa = PBXFileReference; lastKnownFileType = sourcecode.swift; path = UploadTarget.swift; sourceTree = "<group>"; };
		DB57E79E216B5FA100F03C12 /* DemoTarget.swift */ = {isa = PBXFileReference; lastKnownFileType = sourcecode.swift; path = DemoTarget.swift; sourceTree = "<group>"; };
		DB57E7A5216B607E00F03C12 /* Reusable.swift */ = {isa = PBXFileReference; fileEncoding = 4; lastKnownFileType = sourcecode.swift; path = Reusable.swift; sourceTree = "<group>"; };
		EF9D4BBC138B7ADA9145B2D6 /* Pods_CRKit_Swift.framework */ = {isa = PBXFileReference; explicitFileType = wrapper.framework; includeInIndex = 0; path = Pods_CRKit_Swift.framework; sourceTree = BUILT_PRODUCTS_DIR; };
/* End PBXFileReference section */

/* Begin PBXFrameworksBuildPhase section */
		DB57E76C216B2D6F00F03C12 /* Frameworks */ = {
			isa = PBXFrameworksBuildPhase;
			buildActionMask = 2147483647;
			files = (
				35ED64B0CA6A39D767235C6F /* Pods_CRKit_Swift.framework in Frameworks */,
			);
			runOnlyForDeploymentPostprocessing = 0;
		};
/* End PBXFrameworksBuildPhase section */

/* Begin PBXGroup section */
		9B4760F7256D51FF4430C1F3 /* Frameworks */ = {
			isa = PBXGroup;
			children = (
				EF9D4BBC138B7ADA9145B2D6 /* Pods_CRKit_Swift.framework */,
			);
			name = Frameworks;
			sourceTree = "<group>";
		};
		DB57E766216B2D6F00F03C12 = {
			isa = PBXGroup;
			children = (
				DB57E771216B2D6F00F03C12 /* CRKit-Swift */,
				DB57E770216B2D6F00F03C12 /* Products */,
				F331B391037968D64B91C10A /* Pods */,
				9B4760F7256D51FF4430C1F3 /* Frameworks */,
			);
			sourceTree = "<group>";
		};
		DB57E770216B2D6F00F03C12 /* Products */ = {
			isa = PBXGroup;
			children = (
				DB57E76F216B2D6F00F03C12 /* CRKit-Swift.app */,
			);
			name = Products;
			sourceTree = "<group>";
		};
		DB57E771216B2D6F00F03C12 /* CRKit-Swift */ = {
			isa = PBXGroup;
			children = (
				DB57E784216B2F3500F03C12 /* Classes */,
				DB57E785216B2F4F00F03C12 /* Resources */,
				DB57E779216B2D7100F03C12 /* Assets.xcassets */,
				DB57E77E216B2D7100F03C12 /* Info.plist */,
			);
			path = "CRKit-Swift";
			sourceTree = "<group>";
		};
		DB57E784216B2F3500F03C12 /* Classes */ = {
			isa = PBXGroup;
			children = (
				DB57E787216B2FA000F03C12 /* Common */,
				DB57E788216B2FA500F03C12 /* Modules */,
				DB57E786216B2F7A00F03C12 /* Other */,
			);
			path = Classes;
			sourceTree = "<group>";
		};
		DB57E785216B2F4F00F03C12 /* Resources */ = {
			isa = PBXGroup;
			children = (
				DB57E77B216B2D7100F03C12 /* LaunchScreen.storyboard */,
				DB57E776216B2D6F00F03C12 /* Main.storyboard */,
			);
			path = Resources;
			sourceTree = "<group>";
		};
		DB57E786216B2F7A00F03C12 /* Other */ = {
			isa = PBXGroup;
			children = (
				DB57E772216B2D6F00F03C12 /* AppDelegate.swift */,
			);
			path = Other;
			sourceTree = "<group>";
		};
		DB57E787216B2FA000F03C12 /* Common */ = {
			isa = PBXGroup;
			children = (
				DB57E78C216B541100F03C12 /* Network */,
				DB57E789216B51D000F03C12 /* GlobalFunction */,
				DB57E7A4216B607200F03C12 /* Protocol */,
			);
			path = Common;
			sourceTree = "<group>";
		};
		DB57E788216B2FA500F03C12 /* Modules */ = {
			isa = PBXGroup;
			children = (
				DB57E7A0216B600400F03C12 /* Login */,
				DB57E774216B2D6F00F03C12 /* ViewController.swift */,
			);
			path = Modules;
			sourceTree = "<group>";
		};
		DB57E789216B51D000F03C12 /* GlobalFunction */ = {
			isa = PBXGroup;
			children = (
				DB57E78A216B525B00F03C12 /* GlobalFunction.swift */,
			);
			path = GlobalFunction;
			sourceTree = "<group>";
		};
		DB57E78C216B541100F03C12 /* Network */ = {
			isa = PBXGroup;
			children = (
				DB57E799216B5DED00F03C12 /* Targets */,
				DB57E797216B588F00F03C12 /* CRNetworkURL.swift */,
				DB57E78D216B542100F03C12 /* CRNetwork.swift */,
				DB57E78F216B545C00F03C12 /* CRTargetType.swift */,
				DB57E791216B55EE00F03C12 /* CRResponse.swift */,
				DB57E793216B562800F03C12 /* CRError.swift */,
				DB57E795216B565500F03C12 /* CRResult.swift */,
			);
			path = Network;
			sourceTree = "<group>";
		};
		DB57E799216B5DED00F03C12 /* Targets */ = {
			isa = PBXGroup;
			children = (
				DB57E79C216B5E5100F03C12 /* UploadTarget.swift */,
				DB57E79E216B5FA100F03C12 /* DemoTarget.swift */,
			);
			path = Targets;
			sourceTree = "<group>";
		};
		DB57E7A0216B600400F03C12 /* Login */ = {
			isa = PBXGroup;
			children = (
				DB57E7A1216B601600F03C12 /* Controller */,
				DB57E7A2216B601B00F03C12 /* View */,
				DB57E7A3216B602000F03C12 /* Model */,
			);
			path = Login;
			sourceTree = "<group>";
		};
		DB57E7A1216B601600F03C12 /* Controller */ = {
			isa = PBXGroup;
			children = (
			);
			path = Controller;
			sourceTree = "<group>";
		};
		DB57E7A2216B601B00F03C12 /* View */ = {
			isa = PBXGroup;
			children = (
			);
			path = View;
			sourceTree = "<group>";
		};
		DB57E7A3216B602000F03C12 /* Model */ = {
			isa = PBXGroup;
			children = (
			);
			path = Model;
			sourceTree = "<group>";
		};
		DB57E7A4216B607200F03C12 /* Protocol */ = {
			isa = PBXGroup;
			children = (
				DB57E7A5216B607E00F03C12 /* Reusable.swift */,
			);
			path = Protocol;
			sourceTree = "<group>";
		};
		F331B391037968D64B91C10A /* Pods */ = {
			isa = PBXGroup;
			children = (
				9CB180E97366F40253F6DACD /* Pods-CRKit-Swift.debug.xcconfig */,
				D39BD7AE09B61F995C398E24 /* Pods-CRKit-Swift.release.xcconfig */,
			);
			name = Pods;
			sourceTree = "<group>";
		};
/* End PBXGroup section */

/* Begin PBXNativeTarget section */
		DB57E76E216B2D6F00F03C12 /* CRKit-Swift */ = {
			isa = PBXNativeTarget;
			buildConfigurationList = DB57E781216B2D7100F03C12 /* Build configuration list for PBXNativeTarget "CRKit-Swift" */;
			buildPhases = (
				45A70BB052BFBC4A64774AE4 /* [CP] Check Pods Manifest.lock */,
				DB57E76B216B2D6F00F03C12 /* Sources */,
				DB57E76C216B2D6F00F03C12 /* Frameworks */,
				DB57E76D216B2D6F00F03C12 /* Resources */,
				EFF9C15C8E02FD237714229C /* [CP] Embed Pods Frameworks */,
			);
			buildRules = (
			);
			dependencies = (
			);
			name = "CRKit-Swift";
			productName = "CRKit-Swift";
			productReference = DB57E76F216B2D6F00F03C12 /* CRKit-Swift.app */;
			productType = "com.apple.product-type.application";
		};
/* End PBXNativeTarget section */

/* Begin PBXProject section */
		DB57E767216B2D6F00F03C12 /* Project object */ = {
			isa = PBXProject;
			attributes = {
				LastSwiftUpdateCheck = 1000;
				LastUpgradeCheck = 1000;
				ORGANIZATIONNAME = cocoaroger;
				TargetAttributes = {
					DB57E76E216B2D6F00F03C12 = {
						CreatedOnToolsVersion = 10.0;
					};
				};
			};
			buildConfigurationList = DB57E76A216B2D6F00F03C12 /* Build configuration list for PBXProject "CRKit-Swift" */;
			compatibilityVersion = "Xcode 9.3";
			developmentRegion = en;
			hasScannedForEncodings = 0;
			knownRegions = (
				en,
				Base,
			);
			mainGroup = DB57E766216B2D6F00F03C12;
			productRefGroup = DB57E770216B2D6F00F03C12 /* Products */;
			projectDirPath = "";
			projectRoot = "";
			targets = (
				DB57E76E216B2D6F00F03C12 /* CRKit-Swift */,
			);
		};
/* End PBXProject section */

/* Begin PBXResourcesBuildPhase section */
		DB57E76D216B2D6F00F03C12 /* Resources */ = {
			isa = PBXResourcesBuildPhase;
			buildActionMask = 2147483647;
			files = (
				DB57E77D216B2D7100F03C12 /* LaunchScreen.storyboard in Resources */,
				DB57E77A216B2D7100F03C12 /* Assets.xcassets in Resources */,
				DB57E778216B2D6F00F03C12 /* Main.storyboard in Resources */,
			);
			runOnlyForDeploymentPostprocessing = 0;
		};
/* End PBXResourcesBuildPhase section */

/* Begin PBXShellScriptBuildPhase section */
		45A70BB052BFBC4A64774AE4 /* [CP] Check Pods Manifest.lock */ = {
			isa = PBXShellScriptBuildPhase;
			buildActionMask = 2147483647;
			files = (
			);
			inputFileListPaths = (
			);
			inputPaths = (
				"${PODS_PODFILE_DIR_PATH}/Podfile.lock",
				"${PODS_ROOT}/Manifest.lock",
			);
			name = "[CP] Check Pods Manifest.lock";
			outputFileListPaths = (
			);
			outputPaths = (
				"$(DERIVED_FILE_DIR)/Pods-CRKit-Swift-checkManifestLockResult.txt",
			);
			runOnlyForDeploymentPostprocessing = 0;
			shellPath = /bin/sh;
			shellScript = "diff \"${PODS_PODFILE_DIR_PATH}/Podfile.lock\" \"${PODS_ROOT}/Manifest.lock\" > /dev/null\nif [ $? != 0 ] ; then\n    # print error to STDERR\n    echo \"error: The sandbox is not in sync with the Podfile.lock. Run 'pod install' or update your CocoaPods installation.\" >&2\n    exit 1\nfi\n# This output is used by Xcode 'outputs' to avoid re-running this script phase.\necho \"SUCCESS\" > \"${SCRIPT_OUTPUT_FILE_0}\"\n";
			showEnvVarsInLog = 0;
		};
		EFF9C15C8E02FD237714229C /* [CP] Embed Pods Frameworks */ = {
			isa = PBXShellScriptBuildPhase;
			buildActionMask = 2147483647;
			files = (
			);
			inputFileListPaths = (
			);
			inputPaths = (
				"${SRCROOT}/Pods/Target Support Files/Pods-CRKit-Swift/Pods-CRKit-Swift-frameworks.sh",
				"${BUILT_PRODUCTS_DIR}/Alamofire/Alamofire.framework",
				"${BUILT_PRODUCTS_DIR}/Kingfisher/Kingfisher.framework",
				"${BUILT_PRODUCTS_DIR}/MBProgressHUD/MBProgressHUD.framework",
				"${BUILT_PRODUCTS_DIR}/MJRefresh/MJRefresh.framework",
				"${BUILT_PRODUCTS_DIR}/ObjectMapper/ObjectMapper.framework",
				"${BUILT_PRODUCTS_DIR}/SnapKit/SnapKit.framework",
				"${BUILT_PRODUCTS_DIR}/SwiftyJSON/SwiftyJSON.framework",
				"${BUILT_PRODUCTS_DIR}/UIAlertController+Blocks/UIAlertController_Blocks.framework",
				"${BUILT_PRODUCTS_DIR}/YYCategories/YYCategories.framework",
				"${BUILT_PRODUCTS_DIR}/YYText/YYText.framework",
			);
			name = "[CP] Embed Pods Frameworks";
			outputFileListPaths = (
			);
			outputPaths = (
				"${TARGET_BUILD_DIR}/${FRAMEWORKS_FOLDER_PATH}/Alamofire.framework",
				"${TARGET_BUILD_DIR}/${FRAMEWORKS_FOLDER_PATH}/IQKeyboardManagerSwift.framework",
				"${TARGET_BUILD_DIR}/${FRAMEWORKS_FOLDER_PATH}/Kingfisher.framework",
				"${TARGET_BUILD_DIR}/${FRAMEWORKS_FOLDER_PATH}/MBProgressHUD.framework",
				"${TARGET_BUILD_DIR}/${FRAMEWORKS_FOLDER_PATH}/MJRefresh.framework",
				"${TARGET_BUILD_DIR}/${FRAMEWORKS_FOLDER_PATH}/ObjectMapper.framework",
				"${TARGET_BUILD_DIR}/${FRAMEWORKS_FOLDER_PATH}/SnapKit.framework",
				"${TARGET_BUILD_DIR}/${FRAMEWORKS_FOLDER_PATH}/SwiftyJSON.framework",
				"${TARGET_BUILD_DIR}/${FRAMEWORKS_FOLDER_PATH}/UIAlertController_Blocks.framework",
				"${TARGET_BUILD_DIR}/${FRAMEWORKS_FOLDER_PATH}/YYCategories.framework",
				"${TARGET_BUILD_DIR}/${FRAMEWORKS_FOLDER_PATH}/YYText.framework",
			);
			runOnlyForDeploymentPostprocessing = 0;
			shellPath = /bin/sh;
			shellScript = "\"${SRCROOT}/Pods/Target Support Files/Pods-CRKit-Swift/Pods-CRKit-Swift-frameworks.sh\"\n";
			showEnvVarsInLog = 0;
		};
/* End PBXShellScriptBuildPhase section */

/* Begin PBXSourcesBuildPhase section */
		DB57E76B216B2D6F00F03C12 /* Sources */ = {
			isa = PBXSourcesBuildPhase;
			buildActionMask = 2147483647;
			files = (
				DB57E7A6216B607E00F03C12 /* Reusable.swift in Sources */,
				DB57E775216B2D6F00F03C12 /* ViewController.swift in Sources */,
				DB57E78B216B525C00F03C12 /* GlobalFunction.swift in Sources */,
				DB57E78E216B542100F03C12 /* CRNetwork.swift in Sources */,
				DB57E79D216B5E5100F03C12 /* UploadTarget.swift in Sources */,
				DB57E798216B588F00F03C12 /* CRNetworkURL.swift in Sources */,
				DB57E794216B562900F03C12 /* CRError.swift in Sources */,
				DB57E773216B2D6F00F03C12 /* AppDelegate.swift in Sources */,
				DB57E796216B565500F03C12 /* CRResult.swift in Sources */,
				DB57E79F216B5FA100F03C12 /* DemoTarget.swift in Sources */,
				DB57E790216B545C00F03C12 /* CRTargetType.swift in Sources */,
				DB57E792216B55EE00F03C12 /* CRResponse.swift in Sources */,
			);
			runOnlyForDeploymentPostprocessing = 0;
		};
/* End PBXSourcesBuildPhase section */

/* Begin PBXVariantGroup section */
		DB57E776216B2D6F00F03C12 /* Main.storyboard */ = {
			isa = PBXVariantGroup;
			children = (
				DB57E777216B2D6F00F03C12 /* Base */,
			);
			name = Main.storyboard;
			sourceTree = "<group>";
		};
		DB57E77B216B2D7100F03C12 /* LaunchScreen.storyboard */ = {
			isa = PBXVariantGroup;
			children = (
				DB57E77C216B2D7100F03C12 /* Base */,
			);
			name = LaunchScreen.storyboard;
			sourceTree = "<group>";
		};
/* End PBXVariantGroup section */

/* Begin XCBuildConfiguration section */
		DB57E77F216B2D7100F03C12 /* Debug */ = {
			isa = XCBuildConfiguration;
			buildSettings = {
				ALWAYS_SEARCH_USER_PATHS = NO;
				CLANG_ANALYZER_NONNULL = YES;
				CLANG_ANALYZER_NUMBER_OBJECT_CONVERSION = YES_AGGRESSIVE;
				CLANG_CXX_LANGUAGE_STANDARD = "gnu++14";
				CLANG_CXX_LIBRARY = "libc++";
				CLANG_ENABLE_MODULES = YES;
				CLANG_ENABLE_OBJC_ARC = YES;
				CLANG_ENABLE_OBJC_WEAK = YES;
				CLANG_WARN_BLOCK_CAPTURE_AUTORELEASING = YES;
				CLANG_WARN_BOOL_CONVERSION = YES;
				CLANG_WARN_COMMA = YES;
				CLANG_WARN_CONSTANT_CONVERSION = YES;
				CLANG_WARN_DEPRECATED_OBJC_IMPLEMENTATIONS = YES;
				CLANG_WARN_DIRECT_OBJC_ISA_USAGE = YES_ERROR;
				CLANG_WARN_DOCUMENTATION_COMMENTS = YES;
				CLANG_WARN_EMPTY_BODY = YES;
				CLANG_WARN_ENUM_CONVERSION = YES;
				CLANG_WARN_INFINITE_RECURSION = YES;
				CLANG_WARN_INT_CONVERSION = YES;
				CLANG_WARN_NON_LITERAL_NULL_CONVERSION = YES;
				CLANG_WARN_OBJC_IMPLICIT_RETAIN_SELF = YES;
				CLANG_WARN_OBJC_LITERAL_CONVERSION = YES;
				CLANG_WARN_OBJC_ROOT_CLASS = YES_ERROR;
				CLANG_WARN_RANGE_LOOP_ANALYSIS = YES;
				CLANG_WARN_STRICT_PROTOTYPES = YES;
				CLANG_WARN_SUSPICIOUS_MOVE = YES;
				CLANG_WARN_UNGUARDED_AVAILABILITY = YES_AGGRESSIVE;
				CLANG_WARN_UNREACHABLE_CODE = YES;
				CLANG_WARN__DUPLICATE_METHOD_MATCH = YES;
				CODE_SIGN_IDENTITY = "iPhone Developer";
				COPY_PHASE_STRIP = NO;
				DEBUG_INFORMATION_FORMAT = dwarf;
				ENABLE_STRICT_OBJC_MSGSEND = YES;
				ENABLE_TESTABILITY = YES;
				GCC_C_LANGUAGE_STANDARD = gnu11;
				GCC_DYNAMIC_NO_PIC = NO;
				GCC_NO_COMMON_BLOCKS = YES;
				GCC_OPTIMIZATION_LEVEL = 0;
				GCC_PREPROCESSOR_DEFINITIONS = (
					"DEBUG=1",
					"$(inherited)",
				);
				GCC_WARN_64_TO_32_BIT_CONVERSION = YES;
				GCC_WARN_ABOUT_RETURN_TYPE = YES_ERROR;
				GCC_WARN_UNDECLARED_SELECTOR = YES;
				GCC_WARN_UNINITIALIZED_AUTOS = YES_AGGRESSIVE;
				GCC_WARN_UNUSED_FUNCTION = YES;
				GCC_WARN_UNUSED_VARIABLE = YES;
				IPHONEOS_DEPLOYMENT_TARGET = 12.0;
				MTL_ENABLE_DEBUG_INFO = INCLUDE_SOURCE;
				MTL_FAST_MATH = YES;
				ONLY_ACTIVE_ARCH = YES;
				SDKROOT = iphoneos;
				SWIFT_ACTIVE_COMPILATION_CONDITIONS = DEBUG;
				SWIFT_OPTIMIZATION_LEVEL = "-Onone";
			};
			name = Debug;
		};
		DB57E780216B2D7100F03C12 /* Release */ = {
			isa = XCBuildConfiguration;
			buildSettings = {
				ALWAYS_SEARCH_USER_PATHS = NO;
				CLANG_ANALYZER_NONNULL = YES;
				CLANG_ANALYZER_NUMBER_OBJECT_CONVERSION = YES_AGGRESSIVE;
				CLANG_CXX_LANGUAGE_STANDARD = "gnu++14";
				CLANG_CXX_LIBRARY = "libc++";
				CLANG_ENABLE_MODULES = YES;
				CLANG_ENABLE_OBJC_ARC = YES;
				CLANG_ENABLE_OBJC_WEAK = YES;
				CLANG_WARN_BLOCK_CAPTURE_AUTORELEASING = YES;
				CLANG_WARN_BOOL_CONVERSION = YES;
				CLANG_WARN_COMMA = YES;
				CLANG_WARN_CONSTANT_CONVERSION = YES;
				CLANG_WARN_DEPRECATED_OBJC_IMPLEMENTATIONS = YES;
				CLANG_WARN_DIRECT_OBJC_ISA_USAGE = YES_ERROR;
				CLANG_WARN_DOCUMENTATION_COMMENTS = YES;
				CLANG_WARN_EMPTY_BODY = YES;
				CLANG_WARN_ENUM_CONVERSION = YES;
				CLANG_WARN_INFINITE_RECURSION = YES;
				CLANG_WARN_INT_CONVERSION = YES;
				CLANG_WARN_NON_LITERAL_NULL_CONVERSION = YES;
				CLANG_WARN_OBJC_IMPLICIT_RETAIN_SELF = YES;
				CLANG_WARN_OBJC_LITERAL_CONVERSION = YES;
				CLANG_WARN_OBJC_ROOT_CLASS = YES_ERROR;
				CLANG_WARN_RANGE_LOOP_ANALYSIS = YES;
				CLANG_WARN_STRICT_PROTOTYPES = YES;
				CLANG_WARN_SUSPICIOUS_MOVE = YES;
				CLANG_WARN_UNGUARDED_AVAILABILITY = YES_AGGRESSIVE;
				CLANG_WARN_UNREACHABLE_CODE = YES;
				CLANG_WARN__DUPLICATE_METHOD_MATCH = YES;
				CODE_SIGN_IDENTITY = "iPhone Developer";
				COPY_PHASE_STRIP = NO;
				DEBUG_INFORMATION_FORMAT = "dwarf-with-dsym";
				ENABLE_NS_ASSERTIONS = NO;
				ENABLE_STRICT_OBJC_MSGSEND = YES;
				GCC_C_LANGUAGE_STANDARD = gnu11;
				GCC_NO_COMMON_BLOCKS = YES;
				GCC_WARN_64_TO_32_BIT_CONVERSION = YES;
				GCC_WARN_ABOUT_RETURN_TYPE = YES_ERROR;
				GCC_WARN_UNDECLARED_SELECTOR = YES;
				GCC_WARN_UNINITIALIZED_AUTOS = YES_AGGRESSIVE;
				GCC_WARN_UNUSED_FUNCTION = YES;
				GCC_WARN_UNUSED_VARIABLE = YES;
				IPHONEOS_DEPLOYMENT_TARGET = 12.0;
				MTL_ENABLE_DEBUG_INFO = NO;
				MTL_FAST_MATH = YES;
				SDKROOT = iphoneos;
				SWIFT_COMPILATION_MODE = wholemodule;
				SWIFT_OPTIMIZATION_LEVEL = "-O";
				VALIDATE_PRODUCT = YES;
			};
			name = Release;
		};
		DB57E782216B2D7100F03C12 /* Debug */ = {
			isa = XCBuildConfiguration;
			baseConfigurationReference = 9CB180E97366F40253F6DACD /* Pods-CRKit-Swift.debug.xcconfig */;
			buildSettings = {
				ASSETCATALOG_COMPILER_APPICON_NAME = AppIcon;
				CODE_SIGN_STYLE = Automatic;
				INFOPLIST_FILE = "CRKit-Swift/Info.plist";
				IPHONEOS_DEPLOYMENT_TARGET = 9.0;
				LD_RUNPATH_SEARCH_PATHS = (
					"$(inherited)",
					"@executable_path/Frameworks",
				);
				PRODUCT_BUNDLE_IDENTIFIER = "com.cocoaroger.CRKit-Swift";
				PRODUCT_NAME = "$(TARGET_NAME)";
				SWIFT_VERSION = 4.2;
				TARGETED_DEVICE_FAMILY = "1,2";
			};
			name = Debug;
		};
		DB57E783216B2D7100F03C12 /* Release */ = {
			isa = XCBuildConfiguration;
			baseConfigurationReference = D39BD7AE09B61F995C398E24 /* Pods-CRKit-Swift.release.xcconfig */;
			buildSettings = {
				ASSETCATALOG_COMPILER_APPICON_NAME = AppIcon;
				CODE_SIGN_STYLE = Automatic;
				INFOPLIST_FILE = "CRKit-Swift/Info.plist";
				IPHONEOS_DEPLOYMENT_TARGET = 9.0;
				LD_RUNPATH_SEARCH_PATHS = (
					"$(inherited)",
					"@executable_path/Frameworks",
				);
				PRODUCT_BUNDLE_IDENTIFIER = "com.cocoaroger.CRKit-Swift";
				PRODUCT_NAME = "$(TARGET_NAME)";
				SWIFT_VERSION = 4.2;
				TARGETED_DEVICE_FAMILY = "1,2";
			};
			name = Release;
		};
/* End XCBuildConfiguration section */

/* Begin XCConfigurationList section */
		DB57E76A216B2D6F00F03C12 /* Build configuration list for PBXProject "CRKit-Swift" */ = {
			isa = XCConfigurationList;
			buildConfigurations = (
				DB57E77F216B2D7100F03C12 /* Debug */,
				DB57E780216B2D7100F03C12 /* Release */,
			);
			defaultConfigurationIsVisible = 0;
			defaultConfigurationName = Release;
		};
		DB57E781216B2D7100F03C12 /* Build configuration list for PBXNativeTarget "CRKit-Swift" */ = {
			isa = XCConfigurationList;
			buildConfigurations = (
				DB57E782216B2D7100F03C12 /* Debug */,
				DB57E783216B2D7100F03C12 /* Release */,
			);
			defaultConfigurationIsVisible = 0;
			defaultConfigurationName = Release;
		};
/* End XCConfigurationList section */
	};
	rootObject = DB57E767216B2D6F00F03C12 /* Project object */;
}
